
Microsoft Visual Studio Solution File, Format Version 12.00
# Visual Studio 15
VisualStudioVersion = 15.0.27428.2011
MinimumVisualStudioVersion = 10.0.40219.1
Project("{FAE04EC0-301F-11D3-BF4B-00C04F79EFBC}") = "4-3-11", "4-3-11\4-3-11.csproj", "{03FE2015-FBE6-4749-8285-C56CC3EB12AA}"
EndProject
Global
	GlobalSection(SolutionConfigurationPlatforms) = preSolution
		Debug|Any CPU = Debug|Any CPU
		Release|Any CPU = Release|Any CPU
	EndGlobalSection
	GlobalSection(ProjectConfigurationPlatforms) = postSolution
		{03FE2015-FBE6-4749-8285-C56CC3EB12AA}.Debug|Any CPU.ActiveCfg = Debug|Any CPU
		{03FE2015-FBE6-4749-8285-C56CC3EB12AA}.Debug|Any CPU.Build.0 = Debug|Any CPU
		{03FE2015-FBE6-4749-8285-C56CC3EB12AA}.Release|Any CPU.ActiveCfg = Release|Any CPU
		{03FE2015-FBE6-4749-8285-C56CC3EB12AA}.Release|Any CPU.Build.0 = Release|Any CPU
	EndGlobalSection
	GlobalSection(SolutionProperties) = preSolution
		HideSolutionNode = FALSE
	EndGlobalSection
	GlobalSection(ExtensibilityGlobals) = postSolution
		SolutionGuid = {D0AFFE51-D06E-4F26-A104-C4223E17045E}
	EndGlobalSection
EndGlobal
