
Microsoft Visual Studio Solution File, Format Version 12.00
# Visual Studio 15
VisualStudioVersion = 15.0.27428.2011
MinimumVisualStudioVersion = 10.0.40219.1
Project("{FAE04EC0-301F-11D3-BF4B-00C04F79EFBC}") = "PolibiusSquare", "PolibiusSquare\PolibiusSquare.csproj", "{04278926-4DA1-466B-8B28-C4C7F375984E}"
EndProject
Global
	GlobalSection(SolutionConfigurationPlatforms) = preSolution
		Debug|Any CPU = Debug|Any CPU
		Release|Any CPU = Release|Any CPU
	EndGlobalSection
	GlobalSection(ProjectConfigurationPlatforms) = postSolution
		{04278926-4DA1-466B-8B28-C4C7F375984E}.Debug|Any CPU.ActiveCfg = Debug|Any CPU
		{04278926-4DA1-466B-8B28-C4C7F375984E}.Debug|Any CPU.Build.0 = Debug|Any CPU
		{04278926-4DA1-466B-8B28-C4C7F375984E}.Release|Any CPU.ActiveCfg = Release|Any CPU
		{04278926-4DA1-466B-8B28-C4C7F375984E}.Release|Any CPU.Build.0 = Release|Any CPU
	EndGlobalSection
	GlobalSection(SolutionProperties) = preSolution
		HideSolutionNode = FALSE
	EndGlobalSection
	GlobalSection(ExtensibilityGlobals) = postSolution
		SolutionGuid = {0353ADD9-3653-4696-87F8-E7931F93FA1D}
	EndGlobalSection
EndGlobal
